
Microsoft Visual Studio Solution File, Format Version 12.00
# Visual Studio Version 17
VisualStudioVersion = 17.8.34330.188
MinimumVisualStudioVersion = 10.0.40219.1
Project("{FAE04EC0-301F-11D3-BF4B-00C04F79EFBC}") = "MotoDepotJobsCreator", "MotoDepotJobsCreator.csproj", "{665C40CA-3166-418A-8C46-D4F33CEA48DB}"
EndProject
Global
	GlobalSection(SolutionConfigurationPlatforms) = preSolution
		Debug|Any CPU = Debug|Any CPU
		Release|Any CPU = Release|Any CPU
	EndGlobalSection
	GlobalSection(ProjectConfigurationPlatforms) = postSolution
		{665C40CA-3166-418A-8C46-D4F33CEA48DB}.Debug|Any CPU.ActiveCfg = Debug|Any CPU
		{665C40CA-3166-418A-8C46-D4F33CEA48DB}.Debug|Any CPU.Build.0 = Debug|Any CPU
		{665C40CA-3166-418A-8C46-D4F33CEA48DB}.Release|Any CPU.ActiveCfg = Release|Any CPU
		{665C40CA-3166-418A-8C46-D4F33CEA48DB}.Release|Any CPU.Build.0 = Release|Any CPU
	EndGlobalSection
	GlobalSection(SolutionProperties) = preSolution
		HideSolutionNode = FALSE
	EndGlobalSection
	GlobalSection(ExtensibilityGlobals) = postSolution
		SolutionGuid = {BD781D8A-69A0-4E29-9E26-BE25834C7E3B}
	EndGlobalSection
EndGlobal
